// !$*UTF8*$!
{
	archiveVersion = 1;
	classes = {
	};
	objectVersion = 46;
	objects = {

/* Begin PBXBuildFile section */
		0419739F1BA155B50093A30E /* DGFilterImageFactory.m in Sources */ = {isa = PBXBuildFile; fileRef = 0419739E1BA155B50093A30E /* DGFilterImageFactory.m */; };
		04542E8D1EE89CF20086B4AD /* LaunchImage.png in Resources */ = {isa = PBXBuildFile; fileRef = 04542E8C1EE89CDC0086B4AD /* LaunchImage.png */; };
		046F38D61EBA181500FB88BE /* iCadeReaderView.m in Sources */ = {isa = PBXBuildFile; fileRef = 046F38D41EBA181500FB88BE /* iCadeReaderView.m */; };
		047576CC1FC2678000C8E45B /* DGCapturePreviewViewController.m in Sources */ = {isa = PBXBuildFile; fileRef = 047576CB1FC2678000C8E45B /* DGCapturePreviewViewController.m */; };
		047576CF1FC2679500C8E45B /* DGTestingUIOptionTableViewCell.m in Sources */ = {isa = PBXBuildFile; fileRef = 047576CD1FC2679500C8E45B /* DGTestingUIOptionTableViewCell.m */; };
		047576D21FC267AB00C8E45B /* DGRootViewController.m in Sources */ = {isa = PBXBuildFile; fileRef = 047576D11FC267AB00C8E45B /* DGRootViewController.m */; };
		047576D51FC267C400C8E45B /* DGFilterBase.m in Sources */ = {isa = PBXBuildFile; fileRef = 047576D31FC267C400C8E45B /* DGFilterBase.m */; };
		047576D81FC26F5B00C8E45B /* DGMagnifierViewController.m in Sources */ = {isa = PBXBuildFile; fileRef = 047576D71FC26F5B00C8E45B /* DGMagnifierViewController.m */; };
		047576DB1FC26F7100C8E45B /* DGHeadsetViewController.m in Sources */ = {isa = PBXBuildFile; fileRef = 047576DA1FC26F7100C8E45B /* DGHeadsetViewController.m */; };
		047576DE1FC2728600C8E45B /* DBInstructionsViewController.m in Sources */ = {isa = PBXBuildFile; fileRef = 047576DD1FC2728600C8E45B /* DBInstructionsViewController.m */; };
		047576E11FC2729900C8E45B /* DBSettingsViewController.m in Sources */ = {isa = PBXBuildFile; fileRef = 047576E01FC2729900C8E45B /* DBSettingsViewController.m */; };
		047576E31FC275D500C8E45B /* close_btn.png in Resources */ = {isa = PBXBuildFile; fileRef = 047576E21FC275D500C8E45B /* close_btn.png */; };
		047576E61FC2798E00C8E45B /* DGInfoViewController.m in Sources */ = {isa = PBXBuildFile; fileRef = 047576E51FC2798E00C8E45B /* DGInfoViewController.m */; };
		047576EA1FC27C7900C8E45B /* facebook.png in Resources */ = {isa = PBXBuildFile; fileRef = 047576E81FC27C7900C8E45B /* facebook.png */; };
		047576EB1FC27C7900C8E45B /* twitter.png in Resources */ = {isa = PBXBuildFile; fileRef = 047576E91FC27C7900C8E45B /* twitter.png */; };
		047576ED1FC295A200C8E45B /* DGConstants.m in Sources */ = {isa = PBXBuildFile; fileRef = 047576EC1FC295A200C8E45B /* DGConstants.m */; };
		047576EE1FC2978500C8E45B /* DGConstants.m in Sources */ = {isa = PBXBuildFile; fileRef = 047576EC1FC295A200C8E45B /* DGConstants.m */; };
		047576F01FC4D11400C8E45B /* videoList.json in Resources */ = {isa = PBXBuildFile; fileRef = 047576EF1FC4D11400C8E45B /* videoList.json */; };
		047576F51FC4D80C00C8E45B /* DGInstructionsListTableViewCell.m in Sources */ = {isa = PBXBuildFile; fileRef = 047576F41FC4D80C00C8E45B /* DGInstructionsListTableViewCell.m */; };
		047576F81FC4DD8800C8E45B /* pause_btn.png in Resources */ = {isa = PBXBuildFile; fileRef = 047576F61FC4DD8700C8E45B /* pause_btn.png */; };
		047576F91FC4DD8800C8E45B /* play_btn.png in Resources */ = {isa = PBXBuildFile; fileRef = 047576F71FC4DD8800C8E45B /* play_btn.png */; };
		047576FC1FC4E31000C8E45B /* HondaChannel.mp4 in Resources */ = {isa = PBXBuildFile; fileRef = 047576FB1FC4E31000C8E45B /* HondaChannel.mp4 */; };
		047576FE1FC4EFDB00C8E45B /* magnifier_btn.png in Resources */ = {isa = PBXBuildFile; fileRef = 047576FD1FC4EFDA00C8E45B /* magnifier_btn.png */; };
		047577001FC4F25600C8E45B /* headset_btn.png in Resources */ = {isa = PBXBuildFile; fileRef = 047576FF1FC4F25500C8E45B /* headset_btn.png */; };
		047577021FC4F7C200C8E45B /* googlecardboard.png in Resources */ = {isa = PBXBuildFile; fileRef = 047577011FC4F7C200C8E45B /* googlecardboard.png */; };
		047577231FC505D800C8E45B /* adList.json in Resources */ = {isa = PBXBuildFile; fileRef = 047577221FC505D700C8E45B /* adList.json */; };
		04A7A0FA1EB6342400DD3EA4 /* Interface.storyboard in Resources */ = {isa = PBXBuildFile; fileRef = 04A7A0F81EB6342400DD3EA4 /* Interface.storyboard */; };
		04A7A0FC1EB6342400DD3EA4 /* Assets.xcassets in Resources */ = {isa = PBXBuildFile; fileRef = 04A7A0FB1EB6342400DD3EA4 /* Assets.xcassets */; };
		04A7A1031EB6342400DD3EA4 /* WatchControl Extension.appex in Embed App Extensions */ = {isa = PBXBuildFile; fileRef = 04A7A1021EB6342400DD3EA4 /* WatchControl Extension.appex */; settings = {ATTRIBUTES = (RemoveHeadersOnCopy, ); }; };
		04A7A1091EB6342400DD3EA4 /* InterfaceController.m in Sources */ = {isa = PBXBuildFile; fileRef = 04A7A1081EB6342400DD3EA4 /* InterfaceController.m */; };
		04A7A10C1EB6342400DD3EA4 /* ExtensionDelegate.m in Sources */ = {isa = PBXBuildFile; fileRef = 04A7A10B1EB6342400DD3EA4 /* ExtensionDelegate.m */; };
		04A7A10E1EB6342400DD3EA4 /* Assets.xcassets in Resources */ = {isa = PBXBuildFile; fileRef = 04A7A10D1EB6342400DD3EA4 /* Assets.xcassets */; };
		04A7A1121EB6342400DD3EA4 /* WatchControl.app in Embed Watch Content */ = {isa = PBXBuildFile; fileRef = 04A7A0F61EB6342400DD3EA4 /* WatchControl.app */; };
		04A7A11D1EB63A1D00DD3EA4 /* ISSingleControlInterfaceController.m in Sources */ = {isa = PBXBuildFile; fileRef = 04A7A11C1EB63A1D00DD3EA4 /* ISSingleControlInterfaceController.m */; };
		04A7A1211EB643E800DD3EA4 /* ISControlsTableViewRowController.m in Sources */ = {isa = PBXBuildFile; fileRef = 04A7A1201EB643E800DD3EA4 /* ISControlsTableViewRowController.m */; };
		04FC26661B9363EE002D7458 /* main.m in Sources */ = {isa = PBXBuildFile; fileRef = 04FC26651B9363EE002D7458 /* main.m */; };
		04FC26691B9363EE002D7458 /* DGAppDelegate.m in Sources */ = {isa = PBXBuildFile; fileRef = 04FC26681B9363EE002D7458 /* DGAppDelegate.m */; };
		04FC266C1B9363EE002D7458 /* iSight2.xcdatamodeld in Sources */ = {isa = PBXBuildFile; fileRef = 04FC266A1B9363EE002D7458 /* iSight2.xcdatamodeld */; };
		04FC26721B9363EE002D7458 /* Main.storyboard in Resources */ = {isa = PBXBuildFile; fileRef = 04FC26701B9363EE002D7458 /* Main.storyboard */; };
		04FC26741B9363EE002D7458 /* Images.xcassets in Resources */ = {isa = PBXBuildFile; fileRef = 04FC26731B9363EE002D7458 /* Images.xcassets */; };
		04FC26771B9363EE002D7458 /* LaunchScreen.xib in Resources */ = {isa = PBXBuildFile; fileRef = 04FC26751B9363EE002D7458 /* LaunchScreen.xib */; };
		04FC26831B9363EE002D7458 /* iSight2Tests.m in Sources */ = {isa = PBXBuildFile; fileRef = 04FC26821B9363EE002D7458 /* iSight2Tests.m */; };
		04FDF79F1B9A2A0700E01984 /* ISPebbleCommunicator.m in Sources */ = {isa = PBXBuildFile; fileRef = 04FDF79D1B9A2A0700E01984 /* ISPebbleCommunicator.m */; };
		5FE2EF4544DB65DB53521184 /* libPods-iSight2.a in Frameworks */ = {isa = PBXBuildFile; fileRef = CF72DD428AA4706C5C21FF4B /* libPods-iSight2.a */; };
		CE1AACEA1B9ABBF300B2572D /* DGFilterRange.m in Sources */ = {isa = PBXBuildFile; fileRef = CE1AACE91B9ABBF300B2572D /* DGFilterRange.m */; };
/* End PBXBuildFile section */

/* Begin PBXContainerItemProxy section */
		04A7A1041EB6342400DD3EA4 /* PBXContainerItemProxy */ = {
			isa = PBXContainerItemProxy;
			containerPortal = 04FC26581B9363EE002D7458 /* Project object */;
			proxyType = 1;
			remoteGlobalIDString = 04A7A1011EB6342400DD3EA4;
			remoteInfo = "WatchControl Extension";
		};
		04A7A1101EB6342400DD3EA4 /* PBXContainerItemProxy */ = {
			isa = PBXContainerItemProxy;
			containerPortal = 04FC26581B9363EE002D7458 /* Project object */;
			proxyType = 1;
			remoteGlobalIDString = 04A7A0F51EB6342400DD3EA4;
			remoteInfo = WatchControl;
		};
		04FC267D1B9363EE002D7458 /* PBXContainerItemProxy */ = {
			isa = PBXContainerItemProxy;
			containerPortal = 04FC26581B9363EE002D7458 /* Project object */;
			proxyType = 1;
			remoteGlobalIDString = 04FC265F1B9363EE002D7458;
			remoteInfo = iSight2;
		};
/* End PBXContainerItemProxy section */

/* Begin PBXCopyFilesBuildPhase section */
		04A7A1181EB6342400DD3EA4 /* Embed App Extensions */ = {
			isa = PBXCopyFilesBuildPhase;
			buildActionMask = 2147483647;
			dstPath = "";
			dstSubfolderSpec = 13;
			files = (
				04A7A1031EB6342400DD3EA4 /* WatchControl Extension.appex in Embed App Extensions */,
			);
			name = "Embed App Extensions";
			runOnlyForDeploymentPostprocessing = 0;
		};
		04A7A11A1EB6342400DD3EA4 /* Embed Watch Content */ = {
			isa = PBXCopyFilesBuildPhase;
			buildActionMask = 2147483647;
			dstPath = "$(CONTENTS_FOLDER_PATH)/Watch";
			dstSubfolderSpec = 16;
			files = (
				04A7A1121EB6342400DD3EA4 /* WatchControl.app in Embed Watch Content */,
			);
			name = "Embed Watch Content";
			runOnlyForDeploymentPostprocessing = 0;
		};
/* End PBXCopyFilesBuildPhase section */

/* Begin PBXFileReference section */
		0419739D1BA155B50093A30E /* DGFilterImageFactory.h */ = {isa = PBXFileReference; fileEncoding = 4; lastKnownFileType = sourcecode.c.h; name = DGFilterImageFactory.h; path = Filters/DGFilterImageFactory.h; sourceTree = "<group>"; };
		0419739E1BA155B50093A30E /* DGFilterImageFactory.m */ = {isa = PBXFileReference; fileEncoding = 4; lastKnownFileType = sourcecode.c.objc; name = DGFilterImageFactory.m; path = Filters/DGFilterImageFactory.m; sourceTree = "<group>"; };
		04542E891EE89B820086B4AD /* iTunesArtwork@1x.png */ = {isa = PBXFileReference; lastKnownFileType = image.png; path = "iTunesArtwork@1x.png"; sourceTree = "<group>"; };
		04542E8A1EE89B820086B4AD /* iTunesArtwork@2x.png */ = {isa = PBXFileReference; lastKnownFileType = image.png; path = "iTunesArtwork@2x.png"; sourceTree = "<group>"; };
		04542E8B1EE89B820086B4AD /* iTunesArtwork@3x.png */ = {isa = PBXFileReference; lastKnownFileType = image.png; path = "iTunesArtwork@3x.png"; sourceTree = "<group>"; };
		04542E8C1EE89CDC0086B4AD /* LaunchImage.png */ = {isa = PBXFileReference; lastKnownFileType = image.png; path = LaunchImage.png; sourceTree = "<group>"; };
		046F38D31EBA181500FB88BE /* iCadeReaderView.h */ = {isa = PBXFileReference; fileEncoding = 4; lastKnownFileType = sourcecode.c.h; path = iCadeReaderView.h; sourceTree = "<group>"; };
		046F38D41EBA181500FB88BE /* iCadeReaderView.m */ = {isa = PBXFileReference; fileEncoding = 4; lastKnownFileType = sourcecode.c.objc; path = iCadeReaderView.m; sourceTree = "<group>"; };
		046F38D51EBA181500FB88BE /* iCadeState.h */ = {isa = PBXFileReference; fileEncoding = 4; lastKnownFileType = sourcecode.c.h; path = iCadeState.h; sourceTree = "<group>"; };
		047576CA1FC2678000C8E45B /* DGCapturePreviewViewController.h */ = {isa = PBXFileReference; fileEncoding = 4; lastKnownFileType = sourcecode.c.h; path = DGCapturePreviewViewController.h; sourceTree = "<group>"; };
		047576CB1FC2678000C8E45B /* DGCapturePreviewViewController.m */ = {isa = PBXFileReference; fileEncoding = 4; lastKnownFileType = sourcecode.c.objc; path = DGCapturePreviewViewController.m; sourceTree = "<group>"; };
		047576CD1FC2679500C8E45B /* DGTestingUIOptionTableViewCell.m */ = {isa = PBXFileReference; fileEncoding = 4; lastKnownFileType = sourcecode.c.objc; path = DGTestingUIOptionTableViewCell.m; sourceTree = "<group>"; };
		047576CE1FC2679500C8E45B /* DGTestingUIOptionTableViewCell.h */ = {isa = PBXFileReference; fileEncoding = 4; lastKnownFileType = sourcecode.c.h; path = DGTestingUIOptionTableViewCell.h; sourceTree = "<group>"; };
		047576D01FC267AB00C8E45B /* DGRootViewController.h */ = {isa = PBXFileReference; fileEncoding = 4; lastKnownFileType = sourcecode.c.h; path = DGRootViewController.h; sourceTree = "<group>"; };
		047576D11FC267AB00C8E45B /* DGRootViewController.m */ = {isa = PBXFileReference; fileEncoding = 4; lastKnownFileType = sourcecode.c.objc; path = DGRootViewController.m; sourceTree = "<group>"; };
		047576D31FC267C400C8E45B /* DGFilterBase.m */ = {isa = PBXFileReference; fileEncoding = 4; lastKnownFileType = sourcecode.c.objc; name = DGFilterBase.m; path = Filters/DGFilterBase.m; sourceTree = "<group>"; };
		047576D41FC267C400C8E45B /* DGFilterBase.h */ = {isa = PBXFileReference; fileEncoding = 4; lastKnownFileType = sourcecode.c.h; name = DGFilterBase.h; path = Filters/DGFilterBase.h; sourceTree = "<group>"; };
		047576D61FC26F5B00C8E45B /* DGMagnifierViewController.h */ = {isa = PBXFileReference; lastKnownFileType = sourcecode.c.h; path = DGMagnifierViewController.h; sourceTree = "<group>"; };
		047576D71FC26F5B00C8E45B /* DGMagnifierViewController.m */ = {isa = PBXFileReference; lastKnownFileType = sourcecode.c.objc; path = DGMagnifierViewController.m; sourceTree = "<group>"; };
		047576D91FC26F7100C8E45B /* DGHeadsetViewController.h */ = {isa = PBXFileReference; lastKnownFileType = sourcecode.c.h; path = DGHeadsetViewController.h; sourceTree = "<group>"; };
		047576DA1FC26F7100C8E45B /* DGHeadsetViewController.m */ = {isa = PBXFileReference; lastKnownFileType = sourcecode.c.objc; path = DGHeadsetViewController.m; sourceTree = "<group>"; };
		047576DC1FC2728600C8E45B /* DBInstructionsViewController.h */ = {isa = PBXFileReference; lastKnownFileType = sourcecode.c.h; path = DBInstructionsViewController.h; sourceTree = "<group>"; };
		047576DD1FC2728600C8E45B /* DBInstructionsViewController.m */ = {isa = PBXFileReference; lastKnownFileType = sourcecode.c.objc; path = DBInstructionsViewController.m; sourceTree = "<group>"; };
		047576DF1FC2729900C8E45B /* DBSettingsViewController.h */ = {isa = PBXFileReference; lastKnownFileType = sourcecode.c.h; path = DBSettingsViewController.h; sourceTree = "<group>"; };
		047576E01FC2729900C8E45B /* DBSettingsViewController.m */ = {isa = PBXFileReference; lastKnownFileType = sourcecode.c.objc; path = DBSettingsViewController.m; sourceTree = "<group>"; };
		047576E21FC275D500C8E45B /* close_btn.png */ = {isa = PBXFileReference; lastKnownFileType = image.png; path = close_btn.png; sourceTree = "<group>"; };
		047576E41FC2798E00C8E45B /* DGInfoViewController.h */ = {isa = PBXFileReference; lastKnownFileType = sourcecode.c.h; path = DGInfoViewController.h; sourceTree = "<group>"; };
		047576E51FC2798E00C8E45B /* DGInfoViewController.m */ = {isa = PBXFileReference; lastKnownFileType = sourcecode.c.objc; path = DGInfoViewController.m; sourceTree = "<group>"; };
		047576E81FC27C7900C8E45B /* facebook.png */ = {isa = PBXFileReference; lastKnownFileType = image.png; path = facebook.png; sourceTree = "<group>"; };
		047576E91FC27C7900C8E45B /* twitter.png */ = {isa = PBXFileReference; lastKnownFileType = image.png; path = twitter.png; sourceTree = "<group>"; };
		047576EC1FC295A200C8E45B /* DGConstants.m */ = {isa = PBXFileReference; lastKnownFileType = sourcecode.c.objc; path = DGConstants.m; sourceTree = "<group>"; };
		047576EF1FC4D11400C8E45B /* videoList.json */ = {isa = PBXFileReference; lastKnownFileType = text.json; path = videoList.json; sourceTree = "<group>"; };
		047576F31FC4D80C00C8E45B /* DGInstructionsListTableViewCell.h */ = {isa = PBXFileReference; lastKnownFileType = sourcecode.c.h; path = DGInstructionsListTableViewCell.h; sourceTree = "<group>"; };
		047576F41FC4D80C00C8E45B /* DGInstructionsListTableViewCell.m */ = {isa = PBXFileReference; lastKnownFileType = sourcecode.c.objc; path = DGInstructionsListTableViewCell.m; sourceTree = "<group>"; };
		047576F61FC4DD8700C8E45B /* pause_btn.png */ = {isa = PBXFileReference; lastKnownFileType = image.png; path = pause_btn.png; sourceTree = "<group>"; };
		047576F71FC4DD8800C8E45B /* play_btn.png */ = {isa = PBXFileReference; lastKnownFileType = image.png; path = play_btn.png; sourceTree = "<group>"; };
		047576FB1FC4E31000C8E45B /* HondaChannel.mp4 */ = {isa = PBXFileReference; lastKnownFileType = file; path = HondaChannel.mp4; sourceTree = "<group>"; };
		047576FD1FC4EFDA00C8E45B /* magnifier_btn.png */ = {isa = PBXFileReference; lastKnownFileType = image.png; path = magnifier_btn.png; sourceTree = "<group>"; };
		047576FF1FC4F25500C8E45B /* headset_btn.png */ = {isa = PBXFileReference; lastKnownFileType = image.png; path = headset_btn.png; sourceTree = "<group>"; };
		047577011FC4F7C200C8E45B /* googlecardboard.png */ = {isa = PBXFileReference; lastKnownFileType = image.png; path = googlecardboard.png; sourceTree = "<group>"; };
		047577221FC505D700C8E45B /* adList.json */ = {isa = PBXFileReference; lastKnownFileType = text.json; path = adList.json; sourceTree = "<group>"; };
		04A7A0F61EB6342400DD3EA4 /* WatchControl.app */ = {isa = PBXFileReference; explicitFileType = wrapper.application; includeInIndex = 0; path = WatchControl.app; sourceTree = BUILT_PRODUCTS_DIR; };
		04A7A0F91EB6342400DD3EA4 /* Base */ = {isa = PBXFileReference; lastKnownFileType = file.storyboard; name = Base; path = Base.lproj/Interface.storyboard; sourceTree = "<group>"; };
		04A7A0FB1EB6342400DD3EA4 /* Assets.xcassets */ = {isa = PBXFileReference; lastKnownFileType = folder.assetcatalog; path = Assets.xcassets; sourceTree = "<group>"; };
		04A7A0FD1EB6342400DD3EA4 /* Info.plist */ = {isa = PBXFileReference; lastKnownFileType = text.plist.xml; path = Info.plist; sourceTree = "<group>"; };
		04A7A1021EB6342400DD3EA4 /* WatchControl Extension.appex */ = {isa = PBXFileReference; explicitFileType = "wrapper.app-extension"; includeInIndex = 0; path = "WatchControl Extension.appex"; sourceTree = BUILT_PRODUCTS_DIR; };
		04A7A1071EB6342400DD3EA4 /* InterfaceController.h */ = {isa = PBXFileReference; lastKnownFileType = sourcecode.c.h; path = InterfaceController.h; sourceTree = "<group>"; };
		04A7A1081EB6342400DD3EA4 /* InterfaceController.m */ = {isa = PBXFileReference; lastKnownFileType = sourcecode.c.objc; path = InterfaceController.m; sourceTree = "<group>"; };
		04A7A10A1EB6342400DD3EA4 /* ExtensionDelegate.h */ = {isa = PBXFileReference; lastKnownFileType = sourcecode.c.h; path = ExtensionDelegate.h; sourceTree = "<group>"; };
		04A7A10B1EB6342400DD3EA4 /* ExtensionDelegate.m */ = {isa = PBXFileReference; lastKnownFileType = sourcecode.c.objc; path = ExtensionDelegate.m; sourceTree = "<group>"; };
		04A7A10D1EB6342400DD3EA4 /* Assets.xcassets */ = {isa = PBXFileReference; lastKnownFileType = folder.assetcatalog; path = Assets.xcassets; sourceTree = "<group>"; };
		04A7A10F1EB6342400DD3EA4 /* Info.plist */ = {isa = PBXFileReference; lastKnownFileType = text.plist.xml; path = Info.plist; sourceTree = "<group>"; };
		04A7A11B1EB63A1D00DD3EA4 /* ISSingleControlInterfaceController.h */ = {isa = PBXFileReference; fileEncoding = 4; lastKnownFileType = sourcecode.c.h; path = ISSingleControlInterfaceController.h; sourceTree = "<group>"; };
		04A7A11C1EB63A1D00DD3EA4 /* ISSingleControlInterfaceController.m */ = {isa = PBXFileReference; fileEncoding = 4; lastKnownFileType = sourcecode.c.objc; path = ISSingleControlInterfaceController.m; sourceTree = "<group>"; };
		04A7A11E1EB63AF300DD3EA4 /* DGConstants.h */ = {isa = PBXFileReference; fileEncoding = 4; lastKnownFileType = sourcecode.c.h; path = DGConstants.h; sourceTree = "<group>"; };
		04A7A11F1EB643E800DD3EA4 /* ISControlsTableViewRowController.h */ = {isa = PBXFileReference; fileEncoding = 4; lastKnownFileType = sourcecode.c.h; path = ISControlsTableViewRowController.h; sourceTree = "<group>"; };
		04A7A1201EB643E800DD3EA4 /* ISControlsTableViewRowController.m */ = {isa = PBXFileReference; fileEncoding = 4; lastKnownFileType = sourcecode.c.objc; path = ISControlsTableViewRowController.m; sourceTree = "<group>"; };
		04FC26601B9363EE002D7458 /* iSight2.app */ = {isa = PBXFileReference; explicitFileType = wrapper.application; includeInIndex = 0; path = iSight2.app; sourceTree = BUILT_PRODUCTS_DIR; };
		04FC26641B9363EE002D7458 /* Info.plist */ = {isa = PBXFileReference; lastKnownFileType = text.plist.xml; path = Info.plist; sourceTree = "<group>"; };
		04FC26651B9363EE002D7458 /* main.m */ = {isa = PBXFileReference; lastKnownFileType = sourcecode.c.objc; path = main.m; sourceTree = "<group>"; };
		04FC26671B9363EE002D7458 /* DGAppDelegate.h */ = {isa = PBXFileReference; lastKnownFileType = sourcecode.c.h; path = DGAppDelegate.h; sourceTree = "<group>"; };
		04FC26681B9363EE002D7458 /* DGAppDelegate.m */ = {isa = PBXFileReference; lastKnownFileType = sourcecode.c.objc; path = DGAppDelegate.m; sourceTree = "<group>"; };
		04FC266B1B9363EE002D7458 /* iSight2.xcdatamodel */ = {isa = PBXFileReference; lastKnownFileType = wrapper.xcdatamodel; path = iSight2.xcdatamodel; sourceTree = "<group>"; };
		04FC26711B9363EE002D7458 /* Base */ = {isa = PBXFileReference; lastKnownFileType = file.storyboard; name = Base; path = Base.lproj/Main.storyboard; sourceTree = "<group>"; };
		04FC26731B9363EE002D7458 /* Images.xcassets */ = {isa = PBXFileReference; lastKnownFileType = folder.assetcatalog; path = Images.xcassets; sourceTree = "<group>"; };
		04FC26761B9363EE002D7458 /* Base */ = {isa = PBXFileReference; lastKnownFileType = file.xib; name = Base; path = Base.lproj/LaunchScreen.xib; sourceTree = "<group>"; };
		04FC267C1B9363EE002D7458 /* iSight2Tests.xctest */ = {isa = PBXFileReference; explicitFileType = wrapper.cfbundle; includeInIndex = 0; path = iSight2Tests.xctest; sourceTree = BUILT_PRODUCTS_DIR; };
		04FC26811B9363EE002D7458 /* Info.plist */ = {isa = PBXFileReference; lastKnownFileType = text.plist.xml; path = Info.plist; sourceTree = "<group>"; };
		04FC26821B9363EE002D7458 /* iSight2Tests.m */ = {isa = PBXFileReference; lastKnownFileType = sourcecode.c.objc; path = iSight2Tests.m; sourceTree = "<group>"; };
		04FDF79C1B9A2A0700E01984 /* ISPebbleCommunicator.h */ = {isa = PBXFileReference; fileEncoding = 4; lastKnownFileType = sourcecode.c.h; path = ISPebbleCommunicator.h; sourceTree = "<group>"; };
		04FDF79D1B9A2A0700E01984 /* ISPebbleCommunicator.m */ = {isa = PBXFileReference; fileEncoding = 4; lastKnownFileType = sourcecode.c.objc; path = ISPebbleCommunicator.m; sourceTree = "<group>"; };
		15DF3D6F96450A9539838226 /* Pods-iSight2.debug.xcconfig */ = {isa = PBXFileReference; includeInIndex = 1; lastKnownFileType = text.xcconfig; name = "Pods-iSight2.debug.xcconfig"; path = "Pods/Target Support Files/Pods-iSight2/Pods-iSight2.debug.xcconfig"; sourceTree = "<group>"; };
		B31DFE20ADC7F815F5EA2FDD /* Pods-iSight2.release.xcconfig */ = {isa = PBXFileReference; includeInIndex = 1; lastKnownFileType = text.xcconfig; name = "Pods-iSight2.release.xcconfig"; path = "Pods/Target Support Files/Pods-iSight2/Pods-iSight2.release.xcconfig"; sourceTree = "<group>"; };
		CE1AACE81B9ABBF300B2572D /* DGFilterRange.h */ = {isa = PBXFileReference; fileEncoding = 4; lastKnownFileType = sourcecode.c.h; name = DGFilterRange.h; path = Filters/DGFilterRange.h; sourceTree = "<group>"; };
		CE1AACE91B9ABBF300B2572D /* DGFilterRange.m */ = {isa = PBXFileReference; fileEncoding = 4; lastKnownFileType = sourcecode.c.objc; name = DGFilterRange.m; path = Filters/DGFilterRange.m; sourceTree = "<group>"; };
		CF72DD428AA4706C5C21FF4B /* libPods-iSight2.a */ = {isa = PBXFileReference; explicitFileType = archive.ar; includeInIndex = 0; path = "libPods-iSight2.a"; sourceTree = BUILT_PRODUCTS_DIR; };
/* End PBXFileReference section */

/* Begin PBXFrameworksBuildPhase section */
		04A7A0FF1EB6342400DD3EA4 /* Frameworks */ = {
			isa = PBXFrameworksBuildPhase;
			buildActionMask = 2147483647;
			files = (
			);
			runOnlyForDeploymentPostprocessing = 0;
		};
		04FC265D1B9363EE002D7458 /* Frameworks */ = {
			isa = PBXFrameworksBuildPhase;
			buildActionMask = 2147483647;
			files = (
				5FE2EF4544DB65DB53521184 /* libPods-iSight2.a in Frameworks */,
			);
			runOnlyForDeploymentPostprocessing = 0;
		};
		04FC26791B9363EE002D7458 /* Frameworks */ = {
			isa = PBXFrameworksBuildPhase;
			buildActionMask = 2147483647;
			files = (
			);
			runOnlyForDeploymentPostprocessing = 0;
		};
/* End PBXFrameworksBuildPhase section */

/* Begin PBXGroup section */
		04542E881EE89B820086B4AD /* Resources */ = {
			isa = PBXGroup;
			children = (
				047576FA1FC4E31000C8E45B /* videos */,
				047576EF1FC4D11400C8E45B /* videoList.json */,
				047577221FC505D700C8E45B /* adList.json */,
				047577011FC4F7C200C8E45B /* googlecardboard.png */,
				047576FD1FC4EFDA00C8E45B /* magnifier_btn.png */,
				047576FF1FC4F25500C8E45B /* headset_btn.png */,
				047576F61FC4DD8700C8E45B /* pause_btn.png */,
				047576F71FC4DD8800C8E45B /* play_btn.png */,
				047576E81FC27C7900C8E45B /* facebook.png */,
				047576E91FC27C7900C8E45B /* twitter.png */,
				047576E21FC275D500C8E45B /* close_btn.png */,
				04542E8C1EE89CDC0086B4AD /* LaunchImage.png */,
				04542E891EE89B820086B4AD /* iTunesArtwork@1x.png */,
				04542E8A1EE89B820086B4AD /* iTunesArtwork@2x.png */,
				04542E8B1EE89B820086B4AD /* iTunesArtwork@3x.png */,
			);
			path = Resources;
			sourceTree = "<group>";
		};
		046F38D21EBA181500FB88BE /* iCade */ = {
			isa = PBXGroup;
			children = (
				046F38D31EBA181500FB88BE /* iCadeReaderView.h */,
				046F38D41EBA181500FB88BE /* iCadeReaderView.m */,
				046F38D51EBA181500FB88BE /* iCadeState.h */,
			);
			name = iCade;
			path = "submodules/iCade-iOS/iCadeTest/iCade";
			sourceTree = SOURCE_ROOT;
		};
		047576C81FC2673400C8E45B /* ViewControllers */ = {
			isa = PBXGroup;
			children = (
				047576D01FC267AB00C8E45B /* DGRootViewController.h */,
				047576D11FC267AB00C8E45B /* DGRootViewController.m */,
				047576D61FC26F5B00C8E45B /* DGMagnifierViewController.h */,
				047576D71FC26F5B00C8E45B /* DGMagnifierViewController.m */,
				047576D91FC26F7100C8E45B /* DGHeadsetViewController.h */,
				047576DA1FC26F7100C8E45B /* DGHeadsetViewController.m */,
				047576DC1FC2728600C8E45B /* DBInstructionsViewController.h */,
				047576DD1FC2728600C8E45B /* DBInstructionsViewController.m */,
				047576DF1FC2729900C8E45B /* DBSettingsViewController.h */,
				047576E01FC2729900C8E45B /* DBSettingsViewController.m */,
			);
			path = ViewControllers;
			sourceTree = "<group>";
		};
		047576C91FC2673B00C8E45B /* HelperViews */ = {
			isa = PBXGroup;
			children = (
				047576F31FC4D80C00C8E45B /* DGInstructionsListTableViewCell.h */,
				047576F41FC4D80C00C8E45B /* DGInstructionsListTableViewCell.m */,
				047576CE1FC2679500C8E45B /* DGTestingUIOptionTableViewCell.h */,
				047576CD1FC2679500C8E45B /* DGTestingUIOptionTableViewCell.m */,
			);
			path = HelperViews;
			sourceTree = "<group>";
		};
		047576E71FC2799600C8E45B /* SecondaryViewControllers */ = {
			isa = PBXGroup;
			children = (
				047576E41FC2798E00C8E45B /* DGInfoViewController.h */,
				047576E51FC2798E00C8E45B /* DGInfoViewController.m */,
				047576CA1FC2678000C8E45B /* DGCapturePreviewViewController.h */,
				047576CB1FC2678000C8E45B /* DGCapturePreviewViewController.m */,
			);
			path = SecondaryViewControllers;
			sourceTree = "<group>";
		};
		047576FA1FC4E31000C8E45B /* videos */ = {
			isa = PBXGroup;
			children = (
				047576FB1FC4E31000C8E45B /* HondaChannel.mp4 */,
			);
			path = videos;
			sourceTree = "<group>";
		};
		04A7A0F71EB6342400DD3EA4 /* WatchControl */ = {
			isa = PBXGroup;
			children = (
				04A7A0F81EB6342400DD3EA4 /* Interface.storyboard */,
				04A7A0FB1EB6342400DD3EA4 /* Assets.xcassets */,
				04A7A0FD1EB6342400DD3EA4 /* Info.plist */,
			);
			path = WatchControl;
			sourceTree = "<group>";
		};
		04A7A1061EB6342400DD3EA4 /* WatchControl Extension */ = {
			isa = PBXGroup;
			children = (
				04A7A1071EB6342400DD3EA4 /* InterfaceController.h */,
				04A7A1081EB6342400DD3EA4 /* InterfaceController.m */,
				04A7A11B1EB63A1D00DD3EA4 /* ISSingleControlInterfaceController.h */,
				04A7A11C1EB63A1D00DD3EA4 /* ISSingleControlInterfaceController.m */,
				04A7A11F1EB643E800DD3EA4 /* ISControlsTableViewRowController.h */,
				04A7A1201EB643E800DD3EA4 /* ISControlsTableViewRowController.m */,
				04A7A10A1EB6342400DD3EA4 /* ExtensionDelegate.h */,
				04A7A10B1EB6342400DD3EA4 /* ExtensionDelegate.m */,
				04A7A10D1EB6342400DD3EA4 /* Assets.xcassets */,
				04A7A10F1EB6342400DD3EA4 /* Info.plist */,
			);
			path = "WatchControl Extension";
			sourceTree = "<group>";
		};
		04FC26571B9363EE002D7458 = {
			isa = PBXGroup;
			children = (
				04FC26621B9363EE002D7458 /* iSight2 */,
				04FC267F1B9363EE002D7458 /* iSight2Tests */,
				04A7A0F71EB6342400DD3EA4 /* WatchControl */,
				04A7A1061EB6342400DD3EA4 /* WatchControl Extension */,
				04FC26611B9363EE002D7458 /* Products */,
				ED0D54D21AD51C0B2C8DA72D /* Pods */,
				BF086576A6518A7E3954C49B /* Frameworks */,
			);
			sourceTree = "<group>";
		};
		04FC26611B9363EE002D7458 /* Products */ = {
			isa = PBXGroup;
			children = (
				04FC26601B9363EE002D7458 /* iSight2.app */,
				04FC267C1B9363EE002D7458 /* iSight2Tests.xctest */,
				04A7A0F61EB6342400DD3EA4 /* WatchControl.app */,
				04A7A1021EB6342400DD3EA4 /* WatchControl Extension.appex */,
			);
			name = Products;
			sourceTree = "<group>";
		};
		04FC26621B9363EE002D7458 /* iSight2 */ = {
			isa = PBXGroup;
			children = (
				046F38D21EBA181500FB88BE /* iCade */,
				04FDF79B1B9A2A0700E01984 /* Pebble */,
				04A7A11E1EB63AF300DD3EA4 /* DGConstants.h */,
				047576EC1FC295A200C8E45B /* DGConstants.m */,
				CE1AACEB1B9ABBF900B2572D /* Filters */,
				047576C91FC2673B00C8E45B /* HelperViews */,
				047576E71FC2799600C8E45B /* SecondaryViewControllers */,
				047576C81FC2673400C8E45B /* ViewControllers */,
				04FC26671B9363EE002D7458 /* DGAppDelegate.h */,
				04FC26681B9363EE002D7458 /* DGAppDelegate.m */,
				04FC26701B9363EE002D7458 /* Main.storyboard */,
				04FC26731B9363EE002D7458 /* Images.xcassets */,
				04FC26751B9363EE002D7458 /* LaunchScreen.xib */,
				04FC266A1B9363EE002D7458 /* iSight2.xcdatamodeld */,
				04542E881EE89B820086B4AD /* Resources */,
				04FC26631B9363EE002D7458 /* Supporting Files */,
			);
			path = iSight2;
			sourceTree = "<group>";
		};
		04FC26631B9363EE002D7458 /* Supporting Files */ = {
			isa = PBXGroup;
			children = (
				04FC26641B9363EE002D7458 /* Info.plist */,
				04FC26651B9363EE002D7458 /* main.m */,
			);
			name = "Supporting Files";
			sourceTree = "<group>";
		};
		04FC267F1B9363EE002D7458 /* iSight2Tests */ = {
			isa = PBXGroup;
			children = (
				04FC26821B9363EE002D7458 /* iSight2Tests.m */,
				04FC26801B9363EE002D7458 /* Supporting Files */,
			);
			path = iSight2Tests;
			sourceTree = "<group>";
		};
		04FC26801B9363EE002D7458 /* Supporting Files */ = {
			isa = PBXGroup;
			children = (
				04FC26811B9363EE002D7458 /* Info.plist */,
			);
			name = "Supporting Files";
			sourceTree = "<group>";
		};
		04FDF79B1B9A2A0700E01984 /* Pebble */ = {
			isa = PBXGroup;
			children = (
				04FDF79C1B9A2A0700E01984 /* ISPebbleCommunicator.h */,
				04FDF79D1B9A2A0700E01984 /* ISPebbleCommunicator.m */,
			);
			path = Pebble;
			sourceTree = "<group>";
		};
		BF086576A6518A7E3954C49B /* Frameworks */ = {
			isa = PBXGroup;
			children = (
				CF72DD428AA4706C5C21FF4B /* libPods-iSight2.a */,
			);
			name = Frameworks;
			sourceTree = "<group>";
		};
		CE1AACEB1B9ABBF900B2572D /* Filters */ = {
			isa = PBXGroup;
			children = (
				047576D41FC267C400C8E45B /* DGFilterBase.h */,
				047576D31FC267C400C8E45B /* DGFilterBase.m */,
				CE1AACE81B9ABBF300B2572D /* DGFilterRange.h */,
				CE1AACE91B9ABBF300B2572D /* DGFilterRange.m */,
				0419739D1BA155B50093A30E /* DGFilterImageFactory.h */,
				0419739E1BA155B50093A30E /* DGFilterImageFactory.m */,
			);
			name = Filters;
			sourceTree = "<group>";
		};
		ED0D54D21AD51C0B2C8DA72D /* Pods */ = {
			isa = PBXGroup;
			children = (
				15DF3D6F96450A9539838226 /* Pods-iSight2.debug.xcconfig */,
				B31DFE20ADC7F815F5EA2FDD /* Pods-iSight2.release.xcconfig */,
			);
			name = Pods;
			sourceTree = "<group>";
		};
/* End PBXGroup section */

/* Begin PBXNativeTarget section */
		04A7A0F51EB6342400DD3EA4 /* WatchControl */ = {
			isa = PBXNativeTarget;
			buildConfigurationList = 04A7A1191EB6342400DD3EA4 /* Build configuration list for PBXNativeTarget "WatchControl" */;
			buildPhases = (
				04A7A0F41EB6342400DD3EA4 /* Resources */,
				04A7A1181EB6342400DD3EA4 /* Embed App Extensions */,
			);
			buildRules = (
			);
			dependencies = (
				04A7A1051EB6342400DD3EA4 /* PBXTargetDependency */,
			);
			name = WatchControl;
			productName = WatchControl;
			productReference = 04A7A0F61EB6342400DD3EA4 /* WatchControl.app */;
			productType = "com.apple.product-type.application.watchapp2";
		};
		04A7A1011EB6342400DD3EA4 /* WatchControl Extension */ = {
			isa = PBXNativeTarget;
			buildConfigurationList = 04A7A1171EB6342400DD3EA4 /* Build configuration list for PBXNativeTarget "WatchControl Extension" */;
			buildPhases = (
				04A7A0FE1EB6342400DD3EA4 /* Sources */,
				04A7A0FF1EB6342400DD3EA4 /* Frameworks */,
				04A7A1001EB6342400DD3EA4 /* Resources */,
			);
			buildRules = (
			);
			dependencies = (
			);
			name = "WatchControl Extension";
			productName = "WatchControl Extension";
			productReference = 04A7A1021EB6342400DD3EA4 /* WatchControl Extension.appex */;
			productType = "com.apple.product-type.watchkit2-extension";
		};
		04FC265F1B9363EE002D7458 /* iSight2 */ = {
			isa = PBXNativeTarget;
			buildConfigurationList = 04FC26861B9363EE002D7458 /* Build configuration list for PBXNativeTarget "iSight2" */;
			buildPhases = (
				547453A257CA1A31C1FAE3B6 /* Check Pods Manifest.lock */,
				04FC265C1B9363EE002D7458 /* Sources */,
				04FC265D1B9363EE002D7458 /* Frameworks */,
				04FC265E1B9363EE002D7458 /* Resources */,
				95471D53CEDF734503C7593A /* Copy Pods Resources */,
				04A7A11A1EB6342400DD3EA4 /* Embed Watch Content */,
			);
			buildRules = (
			);
			dependencies = (
				04A7A1111EB6342400DD3EA4 /* PBXTargetDependency */,
			);
			name = iSight2;
			productName = iSight2;
			productReference = 04FC26601B9363EE002D7458 /* iSight2.app */;
			productType = "com.apple.product-type.application";
		};
		04FC267B1B9363EE002D7458 /* iSight2Tests */ = {
			isa = PBXNativeTarget;
			buildConfigurationList = 04FC26891B9363EE002D7458 /* Build configuration list for PBXNativeTarget "iSight2Tests" */;
			buildPhases = (
				04FC26781B9363EE002D7458 /* Sources */,
				04FC26791B9363EE002D7458 /* Frameworks */,
				04FC267A1B9363EE002D7458 /* Resources */,
			);
			buildRules = (
			);
			dependencies = (
				04FC267E1B9363EE002D7458 /* PBXTargetDependency */,
			);
			name = iSight2Tests;
			productName = iSight2Tests;
			productReference = 04FC267C1B9363EE002D7458 /* iSight2Tests.xctest */;
			productType = "com.apple.product-type.bundle.unit-test";
		};
/* End PBXNativeTarget section */

/* Begin PBXProject section */
		04FC26581B9363EE002D7458 /* Project object */ = {
			isa = PBXProject;
			attributes = {
				LastUpgradeCheck = 0730;
				ORGANIZATIONNAME = ProphetStudios;
				TargetAttributes = {
					04A7A0F51EB6342400DD3EA4 = {
						CreatedOnToolsVersion = 8.3.2;
						DevelopmentTeam = V8SSGR3H48;
						ProvisioningStyle = Automatic;
					};
					04A7A1011EB6342400DD3EA4 = {
						CreatedOnToolsVersion = 8.3.2;
						DevelopmentTeam = V8SSGR3H48;
						ProvisioningStyle = Automatic;
					};
					04FC265F1B9363EE002D7458 = {
						CreatedOnToolsVersion = 6.4;
						DevelopmentTeam = V8SSGR3H48;
						SystemCapabilities = {
							com.apple.BackgroundModes = {
								enabled = 0;
							};
						};
					};
					04FC267B1B9363EE002D7458 = {
						CreatedOnToolsVersion = 6.4;
						TestTargetID = 04FC265F1B9363EE002D7458;
					};
				};
			};
			buildConfigurationList = 04FC265B1B9363EE002D7458 /* Build configuration list for PBXProject "iSight2" */;
			compatibilityVersion = "Xcode 3.2";
			developmentRegion = English;
			hasScannedForEncodings = 0;
			knownRegions = (
				en,
				Base,
			);
			mainGroup = 04FC26571B9363EE002D7458;
			productRefGroup = 04FC26611B9363EE002D7458 /* Products */;
			projectDirPath = "";
			projectRoot = "";
			targets = (
				04FC265F1B9363EE002D7458 /* iSight2 */,
				04FC267B1B9363EE002D7458 /* iSight2Tests */,
				04A7A0F51EB6342400DD3EA4 /* WatchControl */,
				04A7A1011EB6342400DD3EA4 /* WatchControl Extension */,
			);
		};
/* End PBXProject section */

/* Begin PBXResourcesBuildPhase section */
		04A7A0F41EB6342400DD3EA4 /* Resources */ = {
			isa = PBXResourcesBuildPhase;
			buildActionMask = 2147483647;
			files = (
				04A7A0FC1EB6342400DD3EA4 /* Assets.xcassets in Resources */,
				04A7A0FA1EB6342400DD3EA4 /* Interface.storyboard in Resources */,
			);
			runOnlyForDeploymentPostprocessing = 0;
		};
		04A7A1001EB6342400DD3EA4 /* Resources */ = {
			isa = PBXResourcesBuildPhase;
			buildActionMask = 2147483647;
			files = (
				04A7A10E1EB6342400DD3EA4 /* Assets.xcassets in Resources */,
			);
			runOnlyForDeploymentPostprocessing = 0;
		};
		04FC265E1B9363EE002D7458 /* Resources */ = {
			isa = PBXResourcesBuildPhase;
			buildActionMask = 2147483647;
			files = (
				047576EB1FC27C7900C8E45B /* twitter.png in Resources */,
				047576F01FC4D11400C8E45B /* videoList.json in Resources */,
				04542E8D1EE89CF20086B4AD /* LaunchImage.png in Resources */,
				047577021FC4F7C200C8E45B /* googlecardboard.png in Resources */,
				047576F81FC4DD8800C8E45B /* pause_btn.png in Resources */,
				047577001FC4F25600C8E45B /* headset_btn.png in Resources */,
				047576F91FC4DD8800C8E45B /* play_btn.png in Resources */,
				047576FE1FC4EFDB00C8E45B /* magnifier_btn.png in Resources */,
				047576EA1FC27C7900C8E45B /* facebook.png in Resources */,
				047576E31FC275D500C8E45B /* close_btn.png in Resources */,
				04FC26721B9363EE002D7458 /* Main.storyboard in Resources */,
				04FC26771B9363EE002D7458 /* LaunchScreen.xib in Resources */,
				047576FC1FC4E31000C8E45B /* HondaChannel.mp4 in Resources */,
				047577231FC505D800C8E45B /* adList.json in Resources */,
				04FC26741B9363EE002D7458 /* Images.xcassets in Resources */,
			);
			runOnlyForDeploymentPostprocessing = 0;
		};
		04FC267A1B9363EE002D7458 /* Resources */ = {
			isa = PBXResourcesBuildPhase;
			buildActionMask = 2147483647;
			files = (
			);
			runOnlyForDeploymentPostprocessing = 0;
		};
/* End PBXResourcesBuildPhase section */

/* Begin PBXShellScriptBuildPhase section */
		547453A257CA1A31C1FAE3B6 /* Check Pods Manifest.lock */ = {
			isa = PBXShellScriptBuildPhase;
			buildActionMask = 2147483647;
			files = (
			);
			inputPaths = (
			);
			name = "Check Pods Manifest.lock";
			outputPaths = (
			);
			runOnlyForDeploymentPostprocessing = 0;
			shellPath = /bin/sh;
			shellScript = "diff \"${PODS_ROOT}/../Podfile.lock\" \"${PODS_ROOT}/Manifest.lock\" > /dev/null\nif [[ $? != 0 ]] ; then\n    cat << EOM\nerror: The sandbox is not in sync with the Podfile.lock. Run 'pod install' or update your CocoaPods installation.\nEOM\n    exit 1\nfi\n";
			showEnvVarsInLog = 0;
		};
		95471D53CEDF734503C7593A /* Copy Pods Resources */ = {
			isa = PBXShellScriptBuildPhase;
			buildActionMask = 2147483647;
			files = (
			);
			inputPaths = (
			);
			name = "Copy Pods Resources";
			outputPaths = (
			);
			runOnlyForDeploymentPostprocessing = 0;
			shellPath = /bin/sh;
			shellScript = "\"${SRCROOT}/Pods/Target Support Files/Pods-iSight2/Pods-iSight2-resources.sh\"\n";
			showEnvVarsInLog = 0;
		};
/* End PBXShellScriptBuildPhase section */

/* Begin PBXSourcesBuildPhase section */
		04A7A0FE1EB6342400DD3EA4 /* Sources */ = {
			isa = PBXSourcesBuildPhase;
			buildActionMask = 2147483647;
			files = (
				04A7A1211EB643E800DD3EA4 /* ISControlsTableViewRowController.m in Sources */,
				047576EE1FC2978500C8E45B /* DGConstants.m in Sources */,
				04A7A10C1EB6342400DD3EA4 /* ExtensionDelegate.m in Sources */,
				04A7A11D1EB63A1D00DD3EA4 /* ISSingleControlInterfaceController.m in Sources */,
				04A7A1091EB6342400DD3EA4 /* InterfaceController.m in Sources */,
			);
			runOnlyForDeploymentPostprocessing = 0;
		};
		04FC265C1B9363EE002D7458 /* Sources */ = {
			isa = PBXSourcesBuildPhase;
			buildActionMask = 2147483647;
			files = (
				047576D21FC267AB00C8E45B /* DGRootViewController.m in Sources */,
				04FC26691B9363EE002D7458 /* DGAppDelegate.m in Sources */,
				047576D81FC26F5B00C8E45B /* DGMagnifierViewController.m in Sources */,
				047576DB1FC26F7100C8E45B /* DGHeadsetViewController.m in Sources */,
				CE1AACEA1B9ABBF300B2572D /* DGFilterRange.m in Sources */,
				047576DE1FC2728600C8E45B /* DBInstructionsViewController.m in Sources */,
				047576ED1FC295A200C8E45B /* DGConstants.m in Sources */,
				047576E11FC2729900C8E45B /* DBSettingsViewController.m in Sources */,
				047576E61FC2798E00C8E45B /* DGInfoViewController.m in Sources */,
				047576CC1FC2678000C8E45B /* DGCapturePreviewViewController.m in Sources */,
				04FDF79F1B9A2A0700E01984 /* ISPebbleCommunicator.m in Sources */,
				047576D51FC267C400C8E45B /* DGFilterBase.m in Sources */,
				047576CF1FC2679500C8E45B /* DGTestingUIOptionTableViewCell.m in Sources */,
				04FC266C1B9363EE002D7458 /* iSight2.xcdatamodeld in Sources */,
				046F38D61EBA181500FB88BE /* iCadeReaderView.m in Sources */,
				047576F51FC4D80C00C8E45B /* DGInstructionsListTableViewCell.m in Sources */,
				04FC26661B9363EE002D7458 /* main.m in Sources */,
				0419739F1BA155B50093A30E /* DGFilterImageFactory.m in Sources */,
			);
			runOnlyForDeploymentPostprocessing = 0;
		};
		04FC26781B9363EE002D7458 /* Sources */ = {
			isa = PBXSourcesBuildPhase;
			buildActionMask = 2147483647;
			files = (
				04FC26831B9363EE002D7458 /* iSight2Tests.m in Sources */,
			);
			runOnlyForDeploymentPostprocessing = 0;
		};
/* End PBXSourcesBuildPhase section */

/* Begin PBXTargetDependency section */
		04A7A1051EB6342400DD3EA4 /* PBXTargetDependency */ = {
			isa = PBXTargetDependency;
			target = 04A7A1011EB6342400DD3EA4 /* WatchControl Extension */;
			targetProxy = 04A7A1041EB6342400DD3EA4 /* PBXContainerItemProxy */;
		};
		04A7A1111EB6342400DD3EA4 /* PBXTargetDependency */ = {
			isa = PBXTargetDependency;
			target = 04A7A0F51EB6342400DD3EA4 /* WatchControl */;
			targetProxy = 04A7A1101EB6342400DD3EA4 /* PBXContainerItemProxy */;
		};
		04FC267E1B9363EE002D7458 /* PBXTargetDependency */ = {
			isa = PBXTargetDependency;
			target = 04FC265F1B9363EE002D7458 /* iSight2 */;
			targetProxy = 04FC267D1B9363EE002D7458 /* PBXContainerItemProxy */;
		};
/* End PBXTargetDependency section */

/* Begin PBXVariantGroup section */
		04A7A0F81EB6342400DD3EA4 /* Interface.storyboard */ = {
			isa = PBXVariantGroup;
			children = (
				04A7A0F91EB6342400DD3EA4 /* Base */,
			);
			name = Interface.storyboard;
			sourceTree = "<group>";
		};
		04FC26701B9363EE002D7458 /* Main.storyboard */ = {
			isa = PBXVariantGroup;
			children = (
				04FC26711B9363EE002D7458 /* Base */,
			);
			name = Main.storyboard;
			sourceTree = "<group>";
		};
		04FC26751B9363EE002D7458 /* LaunchScreen.xib */ = {
			isa = PBXVariantGroup;
			children = (
				04FC26761B9363EE002D7458 /* Base */,
			);
			name = LaunchScreen.xib;
			sourceTree = "<group>";
		};
/* End PBXVariantGroup section */

/* Begin XCBuildConfiguration section */
		04A7A1131EB6342400DD3EA4 /* Debug */ = {
			isa = XCBuildConfiguration;
			buildSettings = {
				ASSETCATALOG_COMPILER_APPICON_NAME = AppIcon;
				CLANG_ANALYZER_NONNULL = YES;
				CLANG_ANALYZER_NUMBER_OBJECT_CONVERSION = YES_AGGRESSIVE;
				CLANG_WARN_DOCUMENTATION_COMMENTS = YES;
				CLANG_WARN_INFINITE_RECURSION = YES;
				CLANG_WARN_SUSPICIOUS_MOVE = YES;
				CODE_SIGN_IDENTITY = "iPhone Developer";
				DEBUG_INFORMATION_FORMAT = dwarf;
				DEVELOPMENT_TEAM = V8SSGR3H48;
				IBSC_MODULE = WatchControl_Extension;
				INFOPLIST_FILE = WatchControl/Info.plist;
				PRODUCT_BUNDLE_IDENTIFIER = com.prophetstudios.DigitalGlasses.watchkitapp;
				PRODUCT_NAME = "$(TARGET_NAME)";
				SDKROOT = watchos;
				SKIP_INSTALL = YES;
				TARGETED_DEVICE_FAMILY = 4;
				WATCHOS_DEPLOYMENT_TARGET = 3.0;
			};
			name = Debug;
		};
		04A7A1141EB6342400DD3EA4 /* Release */ = {
			isa = XCBuildConfiguration;
			buildSettings = {
				ASSETCATALOG_COMPILER_APPICON_NAME = AppIcon;
				CLANG_ANALYZER_NONNULL = YES;
				CLANG_ANALYZER_NUMBER_OBJECT_CONVERSION = YES_AGGRESSIVE;
				CLANG_WARN_DOCUMENTATION_COMMENTS = YES;
				CLANG_WARN_INFINITE_RECURSION = YES;
				CLANG_WARN_SUSPICIOUS_MOVE = YES;
				CODE_SIGN_IDENTITY = "iPhone Developer";
				DEVELOPMENT_TEAM = V8SSGR3H48;
				IBSC_MODULE = WatchControl_Extension;
				INFOPLIST_FILE = WatchControl/Info.plist;
				PRODUCT_BUNDLE_IDENTIFIER = com.prophetstudios.DigitalGlasses.watchkitapp;
				PRODUCT_NAME = "$(TARGET_NAME)";
				SDKROOT = watchos;
				SKIP_INSTALL = YES;
				TARGETED_DEVICE_FAMILY = 4;
				WATCHOS_DEPLOYMENT_TARGET = 3.0;
			};
			name = Release;
		};
		04A7A1151EB6342400DD3EA4 /* Debug */ = {
			isa = XCBuildConfiguration;
			buildSettings = {
				ASSETCATALOG_COMPILER_COMPLICATION_NAME = Complication;
				CLANG_ANALYZER_NONNULL = YES;
				CLANG_ANALYZER_NUMBER_OBJECT_CONVERSION = YES_AGGRESSIVE;
				CLANG_WARN_DOCUMENTATION_COMMENTS = YES;
				CLANG_WARN_INFINITE_RECURSION = YES;
				CLANG_WARN_SUSPICIOUS_MOVE = YES;
				DEBUG_INFORMATION_FORMAT = dwarf;
				DEVELOPMENT_TEAM = V8SSGR3H48;
				INFOPLIST_FILE = "WatchControl Extension/Info.plist";
				LD_RUNPATH_SEARCH_PATHS = "$(inherited) @executable_path/Frameworks @executable_path/../../Frameworks";
				PRODUCT_BUNDLE_IDENTIFIER = com.prophetstudios.DigitalGlasses.watchkitapp.watchkitextension;
				PRODUCT_NAME = "${TARGET_NAME}";
				SDKROOT = watchos;
				SKIP_INSTALL = YES;
				TARGETED_DEVICE_FAMILY = 4;
				WATCHOS_DEPLOYMENT_TARGET = 3.0;
			};
			name = Debug;
		};
		04A7A1161EB6342400DD3EA4 /* Release */ = {
			isa = XCBuildConfiguration;
			buildSettings = {
				ASSETCATALOG_COMPILER_COMPLICATION_NAME = Complication;
				CLANG_ANALYZER_NONNULL = YES;
				CLANG_ANALYZER_NUMBER_OBJECT_CONVERSION = YES_AGGRESSIVE;
				CLANG_WARN_DOCUMENTATION_COMMENTS = YES;
				CLANG_WARN_INFINITE_RECURSION = YES;
				CLANG_WARN_SUSPICIOUS_MOVE = YES;
				DEVELOPMENT_TEAM = V8SSGR3H48;
				INFOPLIST_FILE = "WatchControl Extension/Info.plist";
				LD_RUNPATH_SEARCH_PATHS = "$(inherited) @executable_path/Frameworks @executable_path/../../Frameworks";
				PRODUCT_BUNDLE_IDENTIFIER = com.prophetstudios.DigitalGlasses.watchkitapp.watchkitextension;
				PRODUCT_NAME = "${TARGET_NAME}";
				SDKROOT = watchos;
				SKIP_INSTALL = YES;
				TARGETED_DEVICE_FAMILY = 4;
				WATCHOS_DEPLOYMENT_TARGET = 3.0;
			};
			name = Release;
		};
		04FC26841B9363EE002D7458 /* Debug */ = {
			isa = XCBuildConfiguration;
			buildSettings = {
				ALWAYS_SEARCH_USER_PATHS = NO;
				CLANG_CXX_LANGUAGE_STANDARD = "gnu++0x";
				CLANG_CXX_LIBRARY = "libc++";
				CLANG_ENABLE_MODULES = YES;
				CLANG_ENABLE_OBJC_ARC = YES;
				CLANG_WARN_BOOL_CONVERSION = YES;
				CLANG_WARN_CONSTANT_CONVERSION = YES;
				CLANG_WARN_DIRECT_OBJC_ISA_USAGE = YES_ERROR;
				CLANG_WARN_EMPTY_BODY = YES;
				CLANG_WARN_ENUM_CONVERSION = YES;
				CLANG_WARN_INT_CONVERSION = YES;
				CLANG_WARN_OBJC_ROOT_CLASS = YES_ERROR;
				CLANG_WARN_UNREACHABLE_CODE = YES;
				CLANG_WARN__DUPLICATE_METHOD_MATCH = YES;
				"CODE_SIGN_IDENTITY[sdk=iphoneos*]" = "iPhone Developer";
				COPY_PHASE_STRIP = NO;
				DEBUG_INFORMATION_FORMAT = "dwarf-with-dsym";
				ENABLE_STRICT_OBJC_MSGSEND = YES;
				ENABLE_TESTABILITY = YES;
				GCC_C_LANGUAGE_STANDARD = gnu99;
				GCC_DYNAMIC_NO_PIC = NO;
				GCC_NO_COMMON_BLOCKS = YES;
				GCC_OPTIMIZATION_LEVEL = 0;
				GCC_PREPROCESSOR_DEFINITIONS = (
					"DEBUG=1",
					"$(inherited)",
				);
				GCC_SYMBOLS_PRIVATE_EXTERN = NO;
				GCC_WARN_64_TO_32_BIT_CONVERSION = YES;
				GCC_WARN_ABOUT_RETURN_TYPE = YES_ERROR;
				GCC_WARN_UNDECLARED_SELECTOR = YES;
				GCC_WARN_UNINITIALIZED_AUTOS = YES_AGGRESSIVE;
				GCC_WARN_UNUSED_FUNCTION = YES;
				GCC_WARN_UNUSED_VARIABLE = YES;
				IPHONEOS_DEPLOYMENT_TARGET = 9.0;
				MTL_ENABLE_DEBUG_INFO = YES;
				ONLY_ACTIVE_ARCH = YES;
				SDKROOT = iphoneos;
				TARGETED_DEVICE_FAMILY = "1,2";
			};
			name = Debug;
		};
		04FC26851B9363EE002D7458 /* Release */ = {
			isa = XCBuildConfiguration;
			buildSettings = {
				ALWAYS_SEARCH_USER_PATHS = NO;
				CLANG_CXX_LANGUAGE_STANDARD = "gnu++0x";
				CLANG_CXX_LIBRARY = "libc++";
				CLANG_ENABLE_MODULES = YES;
				CLANG_ENABLE_OBJC_ARC = YES;
				CLANG_WARN_BOOL_CONVERSION = YES;
				CLANG_WARN_CONSTANT_CONVERSION = YES;
				CLANG_WARN_DIRECT_OBJC_ISA_USAGE = YES_ERROR;
				CLANG_WARN_EMPTY_BODY = YES;
				CLANG_WARN_ENUM_CONVERSION = YES;
				CLANG_WARN_INT_CONVERSION = YES;
				CLANG_WARN_OBJC_ROOT_CLASS = YES_ERROR;
				CLANG_WARN_UNREACHABLE_CODE = YES;
				CLANG_WARN__DUPLICATE_METHOD_MATCH = YES;
				"CODE_SIGN_IDENTITY[sdk=iphoneos*]" = "iPhone Developer";
				COPY_PHASE_STRIP = NO;
				DEBUG_INFORMATION_FORMAT = "dwarf-with-dsym";
				ENABLE_NS_ASSERTIONS = NO;
				ENABLE_STRICT_OBJC_MSGSEND = YES;
				GCC_C_LANGUAGE_STANDARD = gnu99;
				GCC_NO_COMMON_BLOCKS = YES;
				GCC_WARN_64_TO_32_BIT_CONVERSION = YES;
				GCC_WARN_ABOUT_RETURN_TYPE = YES_ERROR;
				GCC_WARN_UNDECLARED_SELECTOR = YES;
				GCC_WARN_UNINITIALIZED_AUTOS = YES_AGGRESSIVE;
				GCC_WARN_UNUSED_FUNCTION = YES;
				GCC_WARN_UNUSED_VARIABLE = YES;
				IPHONEOS_DEPLOYMENT_TARGET = 9.0;
				MTL_ENABLE_DEBUG_INFO = NO;
				SDKROOT = iphoneos;
				TARGETED_DEVICE_FAMILY = "1,2";
				VALIDATE_PRODUCT = YES;
			};
			name = Release;
		};
		04FC26871B9363EE002D7458 /* Debug */ = {
			isa = XCBuildConfiguration;
			baseConfigurationReference = 15DF3D6F96450A9539838226 /* Pods-iSight2.debug.xcconfig */;
			buildSettings = {
				ASSETCATALOG_COMPILER_APPICON_NAME = AppIcon;
				CODE_SIGN_IDENTITY = "iPhone Developer";
				ENABLE_BITCODE = NO;
				INFOPLIST_FILE = iSight2/Info.plist;
				IPHONEOS_DEPLOYMENT_TARGET = 9.0;
				LD_RUNPATH_SEARCH_PATHS = "$(inherited) @executable_path/Frameworks";
				PRODUCT_BUNDLE_IDENTIFIER = com.prophetstudios.DigitalGlasses;
				PRODUCT_NAME = "$(TARGET_NAME)";
				PROVISIONING_PROFILE = "";
				TARGETED_DEVICE_FAMILY = 1;
			};
			name = Debug;
		};
		04FC26881B9363EE002D7458 /* Release */ = {
			isa = XCBuildConfiguration;
			baseConfigurationReference = B31DFE20ADC7F815F5EA2FDD /* Pods-iSight2.release.xcconfig */;
			buildSettings = {
				ASSETCATALOG_COMPILER_APPICON_NAME = AppIcon;
				CODE_SIGN_IDENTITY = "iPhone Developer";
				ENABLE_BITCODE = NO;
				INFOPLIST_FILE = iSight2/Info.plist;
				IPHONEOS_DEPLOYMENT_TARGET = 9.0;
				LD_RUNPATH_SEARCH_PATHS = "$(inherited) @executable_path/Frameworks";
				PRODUCT_BUNDLE_IDENTIFIER = com.prophetstudios.DigitalGlasses;
				PRODUCT_NAME = "$(TARGET_NAME)";
				PROVISIONING_PROFILE = "";
				TARGETED_DEVICE_FAMILY = 1;
			};
			name = Release;
		};
		04FC268A1B9363EE002D7458 /* Debug */ = {
			isa = XCBuildConfiguration;
			buildSettings = {
				BUNDLE_LOADER = "$(TEST_HOST)";
				FRAMEWORK_SEARCH_PATHS = (
					"$(SDKROOT)/Developer/Library/Frameworks",
					"$(inherited)",
				);
				GCC_PREPROCESSOR_DEFINITIONS = (
					"DEBUG=1",
					"$(inherited)",
				);
				INFOPLIST_FILE = iSight2Tests/Info.plist;
				LD_RUNPATH_SEARCH_PATHS = "$(inherited) @executable_path/Frameworks @loader_path/Frameworks";
				PRODUCT_BUNDLE_IDENTIFIER = "com.prophetstudios.$(PRODUCT_NAME:rfc1034identifier)";
				PRODUCT_NAME = "$(TARGET_NAME)";
				TEST_HOST = "$(BUILT_PRODUCTS_DIR)/iSight2.app/iSight2";
			};
			name = Debug;
		};
		04FC268B1B9363EE002D7458 /* Release */ = {
			isa = XCBuildConfiguration;
			buildSettings = {
				BUNDLE_LOADER = "$(TEST_HOST)";
				FRAMEWORK_SEARCH_PATHS = (
					"$(SDKROOT)/Developer/Library/Frameworks",
					"$(inherited)",
				);
				INFOPLIST_FILE = iSight2Tests/Info.plist;
				LD_RUNPATH_SEARCH_PATHS = "$(inherited) @executable_path/Frameworks @loader_path/Frameworks";
				PRODUCT_BUNDLE_IDENTIFIER = "com.prophetstudios.$(PRODUCT_NAME:rfc1034identifier)";
				PRODUCT_NAME = "$(TARGET_NAME)";
				TEST_HOST = "$(BUILT_PRODUCTS_DIR)/iSight2.app/iSight2";
			};
			name = Release;
		};
/* End XCBuildConfiguration section */

/* Begin XCConfigurationList section */
		04A7A1171EB6342400DD3EA4 /* Build configuration list for PBXNativeTarget "WatchControl Extension" */ = {
			isa = XCConfigurationList;
			buildConfigurations = (
				04A7A1151EB6342400DD3EA4 /* Debug */,
				04A7A1161EB6342400DD3EA4 /* Release */,
			);
			defaultConfigurationIsVisible = 0;
			defaultConfigurationName = Release;
		};
		04A7A1191EB6342400DD3EA4 /* Build configuration list for PBXNativeTarget "WatchControl" */ = {
			isa = XCConfigurationList;
			buildConfigurations = (
				04A7A1131EB6342400DD3EA4 /* Debug */,
				04A7A1141EB6342400DD3EA4 /* Release */,
			);
			defaultConfigurationIsVisible = 0;
			defaultConfigurationName = Release;
		};
		04FC265B1B9363EE002D7458 /* Build configuration list for PBXProject "iSight2" */ = {
			isa = XCConfigurationList;
			buildConfigurations = (
				04FC26841B9363EE002D7458 /* Debug */,
				04FC26851B9363EE002D7458 /* Release */,
			);
			defaultConfigurationIsVisible = 0;
			defaultConfigurationName = Release;
		};
		04FC26861B9363EE002D7458 /* Build configuration list for PBXNativeTarget "iSight2" */ = {
			isa = XCConfigurationList;
			buildConfigurations = (
				04FC26871B9363EE002D7458 /* Debug */,
				04FC26881B9363EE002D7458 /* Release */,
			);
			defaultConfigurationIsVisible = 0;
			defaultConfigurationName = Release;
		};
		04FC26891B9363EE002D7458 /* Build configuration list for PBXNativeTarget "iSight2Tests" */ = {
			isa = XCConfigurationList;
			buildConfigurations = (
				04FC268A1B9363EE002D7458 /* Debug */,
				04FC268B1B9363EE002D7458 /* Release */,
			);
			defaultConfigurationIsVisible = 0;
			defaultConfigurationName = Release;
		};
/* End XCConfigurationList section */

/* Begin XCVersionGroup section */
		04FC266A1B9363EE002D7458 /* iSight2.xcdatamodeld */ = {
			isa = XCVersionGroup;
			children = (
				04FC266B1B9363EE002D7458 /* iSight2.xcdatamodel */,
			);
			currentVersion = 04FC266B1B9363EE002D7458 /* iSight2.xcdatamodel */;
			path = iSight2.xcdatamodeld;
			sourceTree = "<group>";
			versionGroupType = wrapper.xcdatamodel;
		};
/* End XCVersionGroup section */
	};
	rootObject = 04FC26581B9363EE002D7458 /* Project object */;
}
